// !$*UTF8*$!
{
	archiveVersion = 1;
	classes = {
	};
	objectVersion = 50;
	objects = {

/* Begin PBXBuildFile section */
		9606F84720F8ACCA00B5150A /* AppDelegate.swift in Sources */ = {isa = PBXBuildFile; fileRef = 9606F84620F8ACCA00B5150A /* AppDelegate.swift */; };
		9606F84920F8ACCA00B5150A /* ViewController.swift in Sources */ = {isa = PBXBuildFile; fileRef = 9606F84820F8ACCA00B5150A /* ViewController.swift */; };
		9606F84C20F8ACCA00B5150A /* Main.storyboard in Resources */ = {isa = PBXBuildFile; fileRef = 9606F84A20F8ACCA00B5150A /* Main.storyboard */; };
		9606F84E20F8ACD700B5150A /* Assets.xcassets in Resources */ = {isa = PBXBuildFile; fileRef = 9606F84D20F8ACD700B5150A /* Assets.xcassets */; };
		9606F85120F8ACD700B5150A /* LaunchScreen.storyboard in Resources */ = {isa = PBXBuildFile; fileRef = 9606F84F20F8ACD700B5150A /* LaunchScreen.storyboard */; };
		9606F85F20F8B3A800B5150A /* Demo_JenkinTests.swift in Sources */ = {isa = PBXBuildFile; fileRef = 9606F85E20F8B3A800B5150A /* Demo_JenkinTests.swift */; };
/* End PBXBuildFile section */

/* Begin PBXContainerItemProxy section */
		9606F86120F8B3A800B5150A /* PBXContainerItemProxy */ = {
			isa = PBXContainerItemProxy;
			containerPortal = 9606F83B20F8ACCA00B5150A /* Project object */;
			proxyType = 1;
			remoteGlobalIDString = 9606F84220F8ACCA00B5150A;
			remoteInfo = "Demo-Jenkin";
		};
/* End PBXContainerItemProxy section */

/* Begin PBXFileReference section */
		9606F84320F8ACCA00B5150A /* Demo-Jenkin.app */ = {isa = PBXFileReference; explicitFileType = wrapper.application; includeInIndex = 0; path = "Demo-Jenkin.app"; sourceTree = BUILT_PRODUCTS_DIR; };
		9606F84620F8ACCA00B5150A /* AppDelegate.swift */ = {isa = PBXFileReference; lastKnownFileType = sourcecode.swift; path = AppDelegate.swift; sourceTree = "<group>"; };
		9606F84820F8ACCA00B5150A /* ViewController.swift */ = {isa = PBXFileReference; lastKnownFileType = sourcecode.swift; path = ViewController.swift; sourceTree = "<group>"; };
		9606F84B20F8ACCA00B5150A /* Base */ = {isa = PBXFileReference; lastKnownFileType = file.storyboard; name = Base; path = Base.lproj/Main.storyboard; sourceTree = "<group>"; };
		9606F84D20F8ACD700B5150A /* Assets.xcassets */ = {isa = PBXFileReference; lastKnownFileType = folder.assetcatalog; path = Assets.xcassets; sourceTree = "<group>"; };
		9606F85020F8ACD700B5150A /* Base */ = {isa = PBXFileReference; lastKnownFileType = file.storyboard; name = Base; path = Base.lproj/LaunchScreen.storyboard; sourceTree = "<group>"; };
		9606F85220F8ACD700B5150A /* Info.plist */ = {isa = PBXFileReference; lastKnownFileType = text.plist.xml; path = Info.plist; sourceTree = "<group>"; };
		9606F85C20F8B3A800B5150A /* Demo-JenkinTests.xctest */ = {isa = PBXFileReference; explicitFileType = wrapper.cfbundle; includeInIndex = 0; path = "Demo-JenkinTests.xctest"; sourceTree = BUILT_PRODUCTS_DIR; };
		9606F85E20F8B3A800B5150A /* Demo_JenkinTests.swift */ = {isa = PBXFileReference; lastKnownFileType = sourcecode.swift; path = Demo_JenkinTests.swift; sourceTree = "<group>"; };
		9606F86020F8B3A800B5150A /* Info.plist */ = {isa = PBXFileReference; lastKnownFileType = text.plist.xml; path = Info.plist; sourceTree = "<group>"; };
/* End PBXFileReference section */

/* Begin PBXFrameworksBuildPhase section */
		9606F84020F8ACCA00B5150A /* Frameworks */ = {
			isa = PBXFrameworksBuildPhase;
			buildActionMask = 2147483647;
			files = (
			);
			runOnlyForDeploymentPostprocessing = 0;
		};
		9606F85920F8B3A800B5150A /* Frameworks */ = {
			isa = PBXFrameworksBuildPhase;
			buildActionMask = 2147483647;
			files = (
			);
			runOnlyForDeploymentPostprocessing = 0;
		};
/* End PBXFrameworksBuildPhase section */

/* Begin PBXGroup section */
		9606F83A20F8ACCA00B5150A = {
			isa = PBXGroup;
			children = (
				9606F84520F8ACCA00B5150A /* Demo-Jenkin */,
				9606F85D20F8B3A800B5150A /* Demo-JenkinTests */,
				9606F84420F8ACCA00B5150A /* Products */,
			);
			sourceTree = "<group>";
		};
		9606F84420F8ACCA00B5150A /* Products */ = {
			isa = PBXGroup;
			children = (
				9606F84320F8ACCA00B5150A /* Demo-Jenkin.app */,
				9606F85C20F8B3A800B5150A /* Demo-JenkinTests.xctest */,
			);
			name = Products;
			sourceTree = "<group>";
		};
		9606F84520F8ACCA00B5150A /* Demo-Jenkin */ = {
			isa = PBXGroup;
			children = (
				9606F84620F8ACCA00B5150A /* AppDelegate.swift */,
				9606F84820F8ACCA00B5150A /* ViewController.swift */,
				9606F84A20F8ACCA00B5150A /* Main.storyboard */,
				9606F84D20F8ACD700B5150A /* Assets.xcassets */,
				9606F84F20F8ACD700B5150A /* LaunchScreen.storyboard */,
				9606F85220F8ACD700B5150A /* Info.plist */,
			);
			path = "Demo-Jenkin";
			sourceTree = "<group>";
		};
		9606F85D20F8B3A800B5150A /* Demo-JenkinTests */ = {
			isa = PBXGroup;
			children = (
				9606F85E20F8B3A800B5150A /* Demo_JenkinTests.swift */,
				9606F86020F8B3A800B5150A /* Info.plist */,
			);
			path = "Demo-JenkinTests";
			sourceTree = "<group>";
		};
/* End PBXGroup section */

/* Begin PBXNativeTarget section */
		9606F84220F8ACCA00B5150A /* Demo-Jenkin */ = {
			isa = PBXNativeTarget;
			buildConfigurationList = 9606F85520F8ACD700B5150A /* Build configuration list for PBXNativeTarget "Demo-Jenkin" */;
			buildPhases = (
				9606F83F20F8ACCA00B5150A /* Sources */,
				9606F84020F8ACCA00B5150A /* Frameworks */,
				9606F84120F8ACCA00B5150A /* Resources */,
			);
			buildRules = (
			);
			dependencies = (
			);
			name = "Demo-Jenkin";
			productName = "Demo-Jenkin";
			productReference = 9606F84320F8ACCA00B5150A /* Demo-Jenkin.app */;
			productType = "com.apple.product-type.application";
		};
		9606F85B20F8B3A800B5150A /* Demo-JenkinTests */ = {
			isa = PBXNativeTarget;
			buildConfigurationList = 9606F86320F8B3A800B5150A /* Build configuration list for PBXNativeTarget "Demo-JenkinTests" */;
			buildPhases = (
				9606F85820F8B3A800B5150A /* Sources */,
				9606F85920F8B3A800B5150A /* Frameworks */,
				9606F85A20F8B3A800B5150A /* Resources */,
			);
			buildRules = (
			);
			dependencies = (
				9606F86220F8B3A800B5150A /* PBXTargetDependency */,
			);
			name = "Demo-JenkinTests";
			productName = "Demo-JenkinTests";
			productReference = 9606F85C20F8B3A800B5150A /* Demo-JenkinTests.xctest */;
			productType = "com.apple.product-type.bundle.unit-test";
		};
/* End PBXNativeTarget section */

/* Begin PBXProject section */
		9606F83B20F8ACCA00B5150A /* Project object */ = {
			isa = PBXProject;
			attributes = {
				LastSwiftUpdateCheck = 0940;
				LastUpgradeCheck = 0940;
				ORGANIZATIONNAME = malikj;
				TargetAttributes = {
					9606F84220F8ACCA00B5150A = {
						CreatedOnToolsVersion = 9.4;
					};
					9606F85B20F8B3A800B5150A = {
						CreatedOnToolsVersion = 9.4;
						TestTargetID = 9606F84220F8ACCA00B5150A;
					};
				};
			};
			buildConfigurationList = 9606F83E20F8ACCA00B5150A /* Build configuration list for PBXProject "Demo-Jenkin" */;
			compatibilityVersion = "Xcode 9.3";
			developmentRegion = en;
			hasScannedForEncodings = 0;
			knownRegions = (
				en,
				Base,
			);
			mainGroup = 9606F83A20F8ACCA00B5150A;
			productRefGroup = 9606F84420F8ACCA00B5150A /* Products */;
			projectDirPath = "";
			projectRoot = "";
			targets = (
				9606F84220F8ACCA00B5150A /* Demo-Jenkin */,
				9606F85B20F8B3A800B5150A /* Demo-JenkinTests */,
			);
		};
/* End PBXProject section */

/* Begin PBXResourcesBuildPhase section */
		9606F84120F8ACCA00B5150A /* Resources */ = {
			isa = PBXResourcesBuildPhase;
			buildActionMask = 2147483647;
			files = (
				9606F85120F8ACD700B5150A /* LaunchScreen.storyboard in Resources */,
				9606F84E20F8ACD700B5150A /* Assets.xcassets in Resources */,
				9606F84C20F8ACCA00B5150A /* Main.storyboard in Resources */,
			);
			runOnlyForDeploymentPostprocessing = 0;
		};
		9606F85A20F8B3A800B5150A /* Resources */ = {
			isa = PBXResourcesBuildPhase;
			buildActionMask = 2147483647;
			files = (
			);
			runOnlyForDeploymentPostprocessing = 0;
		};
/* End PBXResourcesBuildPhase section */

/* Begin PBXSourcesBuildPhase section */
		9606F83F20F8ACCA00B5150A /* Sources */ = {
			isa = PBXSourcesBuildPhase;
			buildActionMask = 2147483647;
			files = (
				9606F84920F8ACCA00B5150A /* ViewController.swift in Sources */,
				9606F84720F8ACCA00B5150A /* AppDelegate.swift in Sources */,
			);
			runOnlyForDeploymentPostprocessing = 0;
		};
		9606F85820F8B3A800B5150A /* Sources */ = {
			isa = PBXSourcesBuildPhase;
			buildActionMask = 2147483647;
			files = (
				9606F85F20F8B3A800B5150A /* Demo_JenkinTests.swift in Sources */,
			);
			runOnlyForDeploymentPostprocessing = 0;
		};
/* End PBXSourcesBuildPhase section */

/* Begin PBXTargetDependency section */
		9606F86220F8B3A800B5150A /* PBXTargetDependency */ = {
			isa = PBXTargetDependency;
			target = 9606F84220F8ACCA00B5150A /* Demo-Jenkin */;
			targetProxy = 9606F86120F8B3A800B5150A /* PBXContainerItemProxy */;
		};
/* End PBXTargetDependency section */

/* Begin PBXVariantGroup section */
		9606F84A20F8ACCA00B5150A /* Main.storyboard */ = {
			isa = PBXVariantGroup;
			children = (
				9606F84B20F8ACCA00B5150A /* Base */,
			);
			name = Main.storyboard;
			sourceTree = "<group>";
		};
		9606F84F20F8ACD700B5150A /* LaunchScreen.storyboard */ = {
			isa = PBXVariantGroup;
			children = (
				9606F85020F8ACD700B5150A /* Base */,
			);
			name = LaunchScreen.storyboard;
			sourceTree = "<group>";
		};
/* End PBXVariantGroup section */

/* Begin XCBuildConfiguration section */
		9606F85320F8ACD700B5150A /* Debug */ = {
			isa = XCBuildConfiguration;
			buildSettings = {
				ALWAYS_SEARCH_USER_PATHS = NO;
				CLANG_ANALYZER_NONNULL = YES;
				CLANG_ANALYZER_NUMBER_OBJECT_CONVERSION = YES_AGGRESSIVE;
				CLANG_CXX_LANGUAGE_STANDARD = "gnu++14";
				CLANG_CXX_LIBRARY = "libc++";
				CLANG_ENABLE_MODULES = YES;
				CLANG_ENABLE_OBJC_ARC = YES;
				CLANG_ENABLE_OBJC_WEAK = YES;
				CLANG_WARN_BLOCK_CAPTURE_AUTORELEASING = YES;
				CLANG_WARN_BOOL_CONVERSION = YES;
				CLANG_WARN_COMMA = YES;
				CLANG_WARN_CONSTANT_CONVERSION = YES;
				CLANG_WARN_DEPRECATED_OBJC_IMPLEMENTATIONS = YES;
				CLANG_WARN_DIRECT_OBJC_ISA_USAGE = YES_ERROR;
				CLANG_WARN_DOCUMENTATION_COMMENTS = YES;
				CLANG_WARN_EMPTY_BODY = YES;
				CLANG_WARN_ENUM_CONVERSION = YES;
				CLANG_WARN_INFINITE_RECURSION = YES;
				CLANG_WARN_INT_CONVERSION = YES;
				CLANG_WARN_NON_LITERAL_NULL_CONVERSION = YES;
				CLANG_WARN_OBJC_IMPLICIT_RETAIN_SELF = YES;
				CLANG_WARN_OBJC_LITERAL_CONVERSION = YES;
				CLANG_WARN_OBJC_ROOT_CLASS = YES_ERROR;
				CLANG_WARN_RANGE_LOOP_ANALYSIS = YES;
				CLANG_WARN_STRICT_PROTOTYPES = YES;
				CLANG_WARN_SUSPICIOUS_MOVE = YES;
				CLANG_WARN_UNGUARDED_AVAILABILITY = YES_AGGRESSIVE;
				CLANG_WARN_UNREACHABLE_CODE = YES;
				CLANG_WARN__DUPLICATE_METHOD_MATCH = YES;
				CODE_SIGN_IDENTITY = "iPhone Developer";
				COPY_PHASE_STRIP = NO;
				DEBUG_INFORMATION_FORMAT = dwarf;
				ENABLE_STRICT_OBJC_MSGSEND = YES;
				ENABLE_TESTABILITY = YES;
				GCC_C_LANGUAGE_STANDARD = gnu11;
				GCC_DYNAMIC_NO_PIC = NO;
				GCC_NO_COMMON_BLOCKS = YES;
				GCC_OPTIMIZATION_LEVEL = 0;
				GCC_PREPROCESSOR_DEFINITIONS = (
					"DEBUG=1",
					"$(inherited)",
				);
				GCC_WARN_64_TO_32_BIT_CONVERSION = YES;
				GCC_WARN_ABOUT_RETURN_TYPE = YES_ERROR;
				GCC_WARN_UNDECLARED_SELECTOR = YES;
				GCC_WARN_UNINITIALIZED_AUTOS = YES_AGGRESSIVE;
				GCC_WARN_UNUSED_FUNCTION = YES;
				GCC_WARN_UNUSED_VARIABLE = YES;
				IPHONEOS_DEPLOYMENT_TARGET = 11.4;
				MTL_ENABLE_DEBUG_INFO = YES;
				ONLY_ACTIVE_ARCH = YES;
				SDKROOT = iphoneos;
				SWIFT_ACTIVE_COMPILATION_CONDITIONS = DEBUG;
				SWIFT_OPTIMIZATION_LEVEL = "-Onone";
			};
			name = Debug;
		};
		9606F85420F8ACD700B5150A /* Release */ = {
			isa = XCBuildConfiguration;
			buildSettings = {
				ALWAYS_SEARCH_USER_PATHS = NO;
				CLANG_ANALYZER_NONNULL = YES;
				CLANG_ANALYZER_NUMBER_OBJECT_CONVERSION = YES_AGGRESSIVE;
				CLANG_CXX_LANGUAGE_STANDARD = "gnu++14";
				CLANG_CXX_LIBRARY = "libc++";
				CLANG_ENABLE_MODULES = YES;
				CLANG_ENABLE_OBJC_ARC = YES;
				CLANG_ENABLE_OBJC_WEAK = YES;
				CLANG_WARN_BLOCK_CAPTURE_AUTORELEASING = YES;
				CLANG_WARN_BOOL_CONVERSION = YES;
				CLANG_WARN_COMMA = YES;
				CLANG_WARN_CONSTANT_CONVERSION = YES;
				CLANG_WARN_DEPRECATED_OBJC_IMPLEMENTATIONS = YES;
				CLANG_WARN_DIRECT_OBJC_ISA_USAGE = YES_ERROR;
				CLANG_WARN_DOCUMENTATION_COMMENTS = YES;
				CLANG_WARN_EMPTY_BODY = YES;
				CLANG_WARN_ENUM_CONVERSION = YES;
				CLANG_WARN_INFINITE_RECURSION = YES;
				CLANG_WARN_INT_CONVERSION = YES;
				CLANG_WARN_NON_LITERAL_NULL_CONVERSION = YES;
				CLANG_WARN_OBJC_IMPLICIT_RETAIN_SELF = YES;
				CLANG_WARN_OBJC_LITERAL_CONVERSION = YES;
				CLANG_WARN_OBJC_ROOT_CLASS = YES_ERROR;
				CLANG_WARN_RANGE_LOOP_ANALYSIS = YES;
				CLANG_WARN_STRICT_PROTOTYPES = YES;
				CLANG_WARN_SUSPICIOUS_MOVE = YES;
				CLANG_WARN_UNGUARDED_AVAILABILITY = YES_AGGRESSIVE;
				CLANG_WARN_UNREACHABLE_CODE = YES;
				CLANG_WARN__DUPLICATE_METHOD_MATCH = YES;
				CODE_SIGN_IDENTITY = "iPhone Developer";
				COPY_PHASE_STRIP = NO;
				DEBUG_INFORMATION_FORMAT = "dwarf-with-dsym";
				ENABLE_NS_ASSERTIONS = NO;
				ENABLE_STRICT_OBJC_MSGSEND = YES;
				GCC_C_LANGUAGE_STANDARD = gnu11;
				GCC_NO_COMMON_BLOCKS = YES;
				GCC_WARN_64_TO_32_BIT_CONVERSION = YES;
				GCC_WARN_ABOUT_RETURN_TYPE = YES_ERROR;
				GCC_WARN_UNDECLARED_SELECTOR = YES;
				GCC_WARN_UNINITIALIZED_AUTOS = YES_AGGRESSIVE;
				GCC_WARN_UNUSED_FUNCTION = YES;
				GCC_WARN_UNUSED_VARIABLE = YES;
				IPHONEOS_DEPLOYMENT_TARGET = 11.4;
				MTL_ENABLE_DEBUG_INFO = NO;
				SDKROOT = iphoneos;
				SWIFT_COMPILATION_MODE = wholemodule;
				SWIFT_OPTIMIZATION_LEVEL = "-O";
				VALIDATE_PRODUCT = YES;
			};
			name = Release;
		};
		9606F85620F8ACD700B5150A /* Debug */ = {
			isa = XCBuildConfiguration;
			buildSettings = {
				ASSETCATALOG_COMPILER_APPICON_NAME = AppIcon;
				CODE_SIGN_STYLE = Manual;
				DEVELOPMENT_TEAM = "";
				INFOPLIST_FILE = "Demo-Jenkin/Info.plist";
				LD_RUNPATH_SEARCH_PATHS = (
					"$(inherited)",
					"@executable_path/Frameworks",
				);
				PRODUCT_BUNDLE_IDENTIFIER = "com.Demo-Jenkin";
				PRODUCT_NAME = "$(TARGET_NAME)";
				PROVISIONING_PROFILE_SPECIFIER = "";
				SWIFT_VERSION = 4.0;
				TARGETED_DEVICE_FAMILY = "1,2";
			};
			name = Debug;
		};
		9606F85720F8ACD700B5150A /* Release */ = {
			isa = XCBuildConfiguration;
			buildSettings = {
				ASSETCATALOG_COMPILER_APPICON_NAME = AppIcon;
				CODE_SIGN_STYLE = Manual;
				DEVELOPMENT_TEAM = "";
				INFOPLIST_FILE = "Demo-Jenkin/Info.plist";
				LD_RUNPATH_SEARCH_PATHS = (
					"$(inherited)",
					"@executable_path/Frameworks",
				);
				PRODUCT_BUNDLE_IDENTIFIER = "com.Demo-Jenkin";
				PRODUCT_NAME = "$(TARGET_NAME)";
				PROVISIONING_PROFILE_SPECIFIER = "";
				SWIFT_VERSION = 4.0;
				TARGETED_DEVICE_FAMILY = "1,2";
			};
			name = Release;
		};
		9606F86420F8B3A800B5150A /* Debug */ = {
			isa = XCBuildConfiguration;
			buildSettings = {
				BUNDLE_LOADER = "$(TEST_HOST)";
				CODE_SIGN_STYLE = Automatic;
				INFOPLIST_FILE = "Demo-JenkinTests/Info.plist";
				LD_RUNPATH_SEARCH_PATHS = (
					"$(inherited)",
					"@executable_path/Frameworks",
					"@loader_path/Frameworks",
				);
				PRODUCT_BUNDLE_IDENTIFIER = "com.Demo-JenkinTests";
				PRODUCT_NAME = "$(TARGET_NAME)";
				SWIFT_VERSION = 4.0;
				TARGETED_DEVICE_FAMILY = "1,2";
				TEST_HOST = "$(BUILT_PRODUCTS_DIR)/Demo-Jenkin.app/Demo-Jenkin";
			};
			name = Debug;
		};
		9606F86520F8B3A800B5150A /* Release */ = {
			isa = XCBuildConfiguration;
			buildSettings = {
				BUNDLE_LOADER = "$(TEST_HOST)";
				CODE_SIGN_STYLE = Automatic;
				INFOPLIST_FILE = "Demo-JenkinTests/Info.plist";
				LD_RUNPATH_SEARCH_PATHS = (
					"$(inherited)",
					"@executable_path/Frameworks",
					"@loader_path/Frameworks",
				);
				PRODUCT_BUNDLE_IDENTIFIER = "com.Demo-JenkinTests";
				PRODUCT_NAME = "$(TARGET_NAME)";
				SWIFT_VERSION = 4.0;
				TARGETED_DEVICE_FAMILY = "1,2";
				TEST_HOST = "$(BUILT_PRODUCTS_DIR)/Demo-Jenkin.app/Demo-Jenkin";
			};
			name = Release;
		};
/* End XCBuildConfiguration section */

/* Begin XCConfigurationList section */
		9606F83E20F8ACCA00B5150A /* Build configuration list for PBXProject "Demo-Jenkin" */ = {
			isa = XCConfigurationList;
			buildConfigurations = (
				9606F85320F8ACD700B5150A /* Debug */,
				9606F85420F8ACD700B5150A /* Release */,
			);
			defaultConfigurationIsVisible = 0;
			defaultConfigurationName = Release;
		};
		9606F85520F8ACD700B5150A /* Build configuration list for PBXNativeTarget "Demo-Jenkin" */ = {
			isa = XCConfigurationList;
			buildConfigurations = (
				9606F85620F8ACD700B5150A /* Debug */,
				9606F85720F8ACD700B5150A /* Release */,
			);
			defaultConfigurationIsVisible = 0;
			defaultConfigurationName = Release;
		};
		9606F86320F8B3A800B5150A /* Build configuration list for PBXNativeTarget "Demo-JenkinTests" */ = {
			isa = XCConfigurationList;
			buildConfigurations = (
				9606F86420F8B3A800B5150A /* Debug */,
				9606F86520F8B3A800B5150A /* Release */,
			);
			defaultConfigurationIsVisible = 0;
			defaultConfigurationName = Release;
		};
/* End XCConfigurationList section */
	};
	rootObject = 9606F83B20F8ACCA00B5150A /* Project object */;
}
